
Microsoft Visual Studio Solution File, Format Version 12.00
# Visual Studio 2012
Project("{FAE04EC0-301F-11D3-BF4B-00C04F79EFBC}") = "SccinWebSafe", "SccinWebSafe\SccinWebSafe.csproj", "{CBCD46E9-EC96-46FE-B46E-2B63607ACBFC}"
EndProject
Global
	GlobalSection(SolutionConfigurationPlatforms) = preSolution
		Debug|Any CPU = Debug|Any CPU
		Release|Any CPU = Release|Any CPU
	EndGlobalSection
	GlobalSection(ProjectConfigurationPlatforms) = postSolution
		{CBCD46E9-EC96-46FE-B46E-2B63607ACBFC}.Debug|Any CPU.ActiveCfg = Debug|Any CPU
		{CBCD46E9-EC96-46FE-B46E-2B63607ACBFC}.Debug|Any CPU.Build.0 = Debug|Any CPU
		{CBCD46E9-EC96-46FE-B46E-2B63607ACBFC}.Release|Any CPU.ActiveCfg = Release|Any CPU
		{CBCD46E9-EC96-46FE-B46E-2B63607ACBFC}.Release|Any CPU.Build.0 = Release|Any CPU
	EndGlobalSection
	GlobalSection(SolutionProperties) = preSolution
		HideSolutionNode = FALSE
	EndGlobalSection
EndGlobal
